
Microsoft Visual Studio Solution File, Format Version 12.00
# Visual Studio 14
VisualStudioVersion = 14.0.24720.0
MinimumVisualStudioVersion = 10.0.40219.1
Project("{FAE04EC0-301F-11D3-BF4B-00C04F79EFBC}") = "MindMaster.Droid", "MindMaster\MindMaster.Droid\MindMaster.Droid.csproj", "{E3905A4F-5E02-49FD-8578-9EB7870E33C0}"
EndProject
Project("{FAE04EC0-301F-11D3-BF4B-00C04F79EFBC}") = "MindMaster.iOS", "MindMaster\MindMaster.iOS\MindMaster.iOS.csproj", "{23DB16F9-F6FB-4C67-8C27-2B21F92B645B}"
EndProject
Project("{FAE04EC0-301F-11D3-BF4B-00C04F79EFBC}") = "MindMaster.WinPhone", "MindMaster\MindMaster.WinPhone\MindMaster.WinPhone.csproj", "{523E530F-1F6F-4266-A9B1-7FD7910F1422}"
EndProject
Project("{FAE04EC0-301F-11D3-BF4B-00C04F79EFBC}") = "MindMaster.Windows", "MindMaster\MindMaster.Windows\MindMaster.Windows.csproj", "{E4314BE6-05B7-447A-9C27-AFCE2EAF94D8}"
EndProject
Project("{FAE04EC0-301F-11D3-BF4B-00C04F79EFBC}") = "MindMaster", "MindMaster\MindMaster\MindMaster.csproj", "{BF582EF5-842A-4FE6-81A8-08484AFA148C}"
EndProject
Project("{FAE04EC0-301F-11D3-BF4B-00C04F79EFBC}") = "MoveTreeTest", "MoveTreeTest\MoveTreeTest.csproj", "{7455F0F8-2A8F-4422-B63F-E518A7EEC3F5}"
EndProject
Project("{FAE04EC0-301F-11D3-BF4B-00C04F79EFBC}") = "MoveTreeLib", "MoveTreeLib\MoveTreeLib.csproj", "{67F9D3A8-F71E-4428-913F-C37AE82CDB24}"
EndProject
Global
	GlobalSection(SolutionConfigurationPlatforms) = preSolution
		Ad-Hoc|Any CPU = Ad-Hoc|Any CPU
		Ad-Hoc|ARM = Ad-Hoc|ARM
		Ad-Hoc|iPhone = Ad-Hoc|iPhone
		Ad-Hoc|iPhoneSimulator = Ad-Hoc|iPhoneSimulator
		Ad-Hoc|x64 = Ad-Hoc|x64
		Ad-Hoc|x86 = Ad-Hoc|x86
		AppStore|Any CPU = AppStore|Any CPU
		AppStore|ARM = AppStore|ARM
		AppStore|iPhone = AppStore|iPhone
		AppStore|iPhoneSimulator = AppStore|iPhoneSimulator
		AppStore|x64 = AppStore|x64
		AppStore|x86 = AppStore|x86
		Debug|Any CPU = Debug|Any CPU
		Debug|ARM = Debug|ARM
		Debug|iPhone = Debug|iPhone
		Debug|iPhoneSimulator = Debug|iPhoneSimulator
		Debug|x64 = Debug|x64
		Debug|x86 = Debug|x86
		Release|Any CPU = Release|Any CPU
		Release|ARM = Release|ARM
		Release|iPhone = Release|iPhone
		Release|iPhoneSimulator = Release|iPhoneSimulator
		Release|x64 = Release|x64
		Release|x86 = Release|x86
	EndGlobalSection
	GlobalSection(ProjectConfigurationPlatforms) = postSolution
		{E3905A4F-5E02-49FD-8578-9EB7870E33C0}.Ad-Hoc|Any CPU.ActiveCfg = Release|Any CPU
		{E3905A4F-5E02-49FD-8578-9EB7870E33C0}.Ad-Hoc|Any CPU.Build.0 = Release|Any CPU
		{E3905A4F-5E02-49FD-8578-9EB7870E33C0}.Ad-Hoc|Any CPU.Deploy.0 = Release|Any CPU
		{E3905A4F-5E02-49FD-8578-9EB7870E33C0}.Ad-Hoc|ARM.ActiveCfg = Release|Any CPU
		{E3905A4F-5E02-49FD-8578-9EB7870E33C0}.Ad-Hoc|ARM.Build.0 = Release|Any CPU
		{E3905A4F-5E02-49FD-8578-9EB7870E33C0}.Ad-Hoc|ARM.Deploy.0 = Release|Any CPU
		{E3905A4F-5E02-49FD-8578-9EB7870E33C0}.Ad-Hoc|iPhone.ActiveCfg = Release|Any CPU
		{E3905A4F-5E02-49FD-8578-9EB7870E33C0}.Ad-Hoc|iPhone.Build.0 = Release|Any CPU
		{E3905A4F-5E02-49FD-8578-9EB7870E33C0}.Ad-Hoc|iPhone.Deploy.0 = Release|Any CPU
		{E3905A4F-5E02-49FD-8578-9EB7870E33C0}.Ad-Hoc|iPhoneSimulator.ActiveCfg = Release|Any CPU
		{E3905A4F-5E02-49FD-8578-9EB7870E33C0}.Ad-Hoc|iPhoneSimulator.Build.0 = Release|Any CPU
		{E3905A4F-5E02-49FD-8578-9EB7870E33C0}.Ad-Hoc|iPhoneSimulator.Deploy.0 = Release|Any CPU
		{E3905A4F-5E02-49FD-8578-9EB7870E33C0}.Ad-Hoc|x64.ActiveCfg = Release|Any CPU
		{E3905A4F-5E02-49FD-8578-9EB7870E33C0}.Ad-Hoc|x64.Build.0 = Release|Any CPU
		{E3905A4F-5E02-49FD-8578-9EB7870E33C0}.Ad-Hoc|x64.Deploy.0 = Release|Any CPU
		{E3905A4F-5E02-49FD-8578-9EB7870E33C0}.Ad-Hoc|x86.ActiveCfg = Release|Any CPU
		{E3905A4F-5E02-49FD-8578-9EB7870E33C0}.Ad-Hoc|x86.Build.0 = Release|Any CPU
		{E3905A4F-5E02-49FD-8578-9EB7870E33C0}.Ad-Hoc|x86.Deploy.0 = Release|Any CPU
		{E3905A4F-5E02-49FD-8578-9EB7870E33C0}.AppStore|Any CPU.ActiveCfg = Release|Any CPU
		{E3905A4F-5E02-49FD-8578-9EB7870E33C0}.AppStore|Any CPU.Build.0 = Release|Any CPU
		{E3905A4F-5E02-49FD-8578-9EB7870E33C0}.AppStore|Any CPU.Deploy.0 = Release|Any CPU
		{E3905A4F-5E02-49FD-8578-9EB7870E33C0}.AppStore|ARM.ActiveCfg = Release|Any CPU
		{E3905A4F-5E02-49FD-8578-9EB7870E33C0}.AppStore|ARM.Build.0 = Release|Any CPU
		{E3905A4F-5E02-49FD-8578-9EB7870E33C0}.AppStore|ARM.Deploy.0 = Release|Any CPU
		{E3905A4F-5E02-49FD-8578-9EB7870E33C0}.AppStore|iPhone.ActiveCfg = Release|Any CPU
		{E3905A4F-5E02-49FD-8578-9EB7870E33C0}.AppStore|iPhone.Build.0 = Release|Any CPU
		{E3905A4F-5E02-49FD-8578-9EB7870E33C0}.AppStore|iPhone.Deploy.0 = Release|Any CPU
		{E3905A4F-5E02-49FD-8578-9EB7870E33C0}.AppStore|iPhoneSimulator.ActiveCfg = Release|Any CPU
		{E3905A4F-5E02-49FD-8578-9EB7870E33C0}.AppStore|iPhoneSimulator.Build.0 = Release|Any CPU
		{E3905A4F-5E02-49FD-8578-9EB7870E33C0}.AppStore|iPhoneSimulator.Deploy.0 = Release|Any CPU
		{E3905A4F-5E02-49FD-8578-9EB7870E33C0}.AppStore|x64.ActiveCfg = Release|Any CPU
		{E3905A4F-5E02-49FD-8578-9EB7870E33C0}.AppStore|x64.Build.0 = Release|Any CPU
		{E3905A4F-5E02-49FD-8578-9EB7870E33C0}.AppStore|x64.Deploy.0 = Release|Any CPU
		{E3905A4F-5E02-49FD-8578-9EB7870E33C0}.AppStore|x86.ActiveCfg = Release|Any CPU
		{E3905A4F-5E02-49FD-8578-9EB7870E33C0}.AppStore|x86.Build.0 = Release|Any CPU
		{E3905A4F-5E02-49FD-8578-9EB7870E33C0}.AppStore|x86.Deploy.0 = Release|Any CPU
		{E3905A4F-5E02-49FD-8578-9EB7870E33C0}.Debug|Any CPU.ActiveCfg = Debug|Any CPU
		{E3905A4F-5E02-49FD-8578-9EB7870E33C0}.Debug|Any CPU.Build.0 = Debug|Any CPU
		{E3905A4F-5E02-49FD-8578-9EB7870E33C0}.Debug|Any CPU.Deploy.0 = Debug|Any CPU
		{E3905A4F-5E02-49FD-8578-9EB7870E33C0}.Debug|ARM.ActiveCfg = Debug|Any CPU
		{E3905A4F-5E02-49FD-8578-9EB7870E33C0}.Debug|ARM.Build.0 = Debug|Any CPU
		{E3905A4F-5E02-49FD-8578-9EB7870E33C0}.Debug|ARM.Deploy.0 = Debug|Any CPU
		{E3905A4F-5E02-49FD-8578-9EB7870E33C0}.Debug|iPhone.ActiveCfg = Debug|Any CPU
		{E3905A4F-5E02-49FD-8578-9EB7870E33C0}.Debug|iPhone.Build.0 = Debug|Any CPU
		{E3905A4F-5E02-49FD-8578-9EB7870E33C0}.Debug|iPhone.Deploy.0 = Debug|Any CPU
		{E3905A4F-5E02-49FD-8578-9EB7870E33C0}.Debug|iPhoneSimulator.ActiveCfg = Debug|Any CPU
		{E3905A4F-5E02-49FD-8578-9EB7870E33C0}.Debug|iPhoneSimulator.Build.0 = Debug|Any CPU
		{E3905A4F-5E02-49FD-8578-9EB7870E33C0}.Debug|iPhoneSimulator.Deploy.0 = Debug|Any CPU
		{E3905A4F-5E02-49FD-8578-9EB7870E33C0}.Debug|x64.ActiveCfg = Debug|Any CPU
		{E3905A4F-5E02-49FD-8578-9EB7870E33C0}.Debug|x64.Build.0 = Debug|Any CPU
		{E3905A4F-5E02-49FD-8578-9EB7870E33C0}.Debug|x64.Deploy.0 = Debug|Any CPU
		{E3905A4F-5E02-49FD-8578-9EB7870E33C0}.Debug|x86.ActiveCfg = Debug|Any CPU
		{E3905A4F-5E02-49FD-8578-9EB7870E33C0}.Debug|x86.Build.0 = Debug|Any CPU
		{E3905A4F-5E02-49FD-8578-9EB7870E33C0}.Debug|x86.Deploy.0 = Debug|Any CPU
		{E3905A4F-5E02-49FD-8578-9EB7870E33C0}.Release|Any CPU.ActiveCfg = Release|Any CPU
		{E3905A4F-5E02-49FD-8578-9EB7870E33C0}.Release|Any CPU.Build.0 = Release|Any CPU
		{E3905A4F-5E02-49FD-8578-9EB7870E33C0}.Release|Any CPU.Deploy.0 = Release|Any CPU
		{E3905A4F-5E02-49FD-8578-9EB7870E33C0}.Release|ARM.ActiveCfg = Release|Any CPU
		{E3905A4F-5E02-49FD-8578-9EB7870E33C0}.Release|ARM.Build.0 = Release|Any CPU
		{E3905A4F-5E02-49FD-8578-9EB7870E33C0}.Release|ARM.Deploy.0 = Release|Any CPU
		{E3905A4F-5E02-49FD-8578-9EB7870E33C0}.Release|iPhone.ActiveCfg = Release|Any CPU
		{E3905A4F-5E02-49FD-8578-9EB7870E33C0}.Release|iPhone.Build.0 = Release|Any CPU
		{E3905A4F-5E02-49FD-8578-9EB7870E33C0}.Release|iPhone.Deploy.0 = Release|Any CPU
		{E3905A4F-5E02-49FD-8578-9EB7870E33C0}.Release|iPhoneSimulator.ActiveCfg = Release|Any CPU
		{E3905A4F-5E02-49FD-8578-9EB7870E33C0}.Release|iPhoneSimulator.Build.0 = Release|Any CPU
		{E3905A4F-5E02-49FD-8578-9EB7870E33C0}.Release|iPhoneSimulator.Deploy.0 = Release|Any CPU
		{E3905A4F-5E02-49FD-8578-9EB7870E33C0}.Release|x64.ActiveCfg = Release|Any CPU
		{E3905A4F-5E02-49FD-8578-9EB7870E33C0}.Release|x64.Build.0 = Release|Any CPU
		{E3905A4F-5E02-49FD-8578-9EB7870E33C0}.Release|x64.Deploy.0 = Release|Any CPU
		{E3905A4F-5E02-49FD-8578-9EB7870E33C0}.Release|x86.ActiveCfg = Release|Any CPU
		{E3905A4F-5E02-49FD-8578-9EB7870E33C0}.Release|x86.Build.0 = Release|Any CPU
		{E3905A4F-5E02-49FD-8578-9EB7870E33C0}.Release|x86.Deploy.0 = Release|Any CPU
		{23DB16F9-F6FB-4C67-8C27-2B21F92B645B}.Ad-Hoc|Any CPU.ActiveCfg = Ad-Hoc|iPhone
		{23DB16F9-F6FB-4C67-8C27-2B21F92B645B}.Ad-Hoc|ARM.ActiveCfg = Ad-Hoc|iPhone
		{23DB16F9-F6FB-4C67-8C27-2B21F92B645B}.Ad-Hoc|iPhone.ActiveCfg = Ad-Hoc|iPhone
		{23DB16F9-F6FB-4C67-8C27-2B21F92B645B}.Ad-Hoc|iPhone.Build.0 = Ad-Hoc|iPhone
		{23DB16F9-F6FB-4C67-8C27-2B21F92B645B}.Ad-Hoc|iPhoneSimulator.ActiveCfg = Ad-Hoc|iPhoneSimulator
		{23DB16F9-F6FB-4C67-8C27-2B21F92B645B}.Ad-Hoc|iPhoneSimulator.Build.0 = Ad-Hoc|iPhoneSimulator
		{23DB16F9-F6FB-4C67-8C27-2B21F92B645B}.Ad-Hoc|x64.ActiveCfg = Ad-Hoc|iPhone
		{23DB16F9-F6FB-4C67-8C27-2B21F92B645B}.Ad-Hoc|x86.ActiveCfg = Ad-Hoc|iPhone
		{23DB16F9-F6FB-4C67-8C27-2B21F92B645B}.AppStore|Any CPU.ActiveCfg = AppStore|iPhone
		{23DB16F9-F6FB-4C67-8C27-2B21F92B645B}.AppStore|ARM.ActiveCfg = AppStore|iPhone
		{23DB16F9-F6FB-4C67-8C27-2B21F92B645B}.AppStore|iPhone.ActiveCfg = AppStore|iPhone
		{23DB16F9-F6FB-4C67-8C27-2B21F92B645B}.AppStore|iPhone.Build.0 = AppStore|iPhone
		{23DB16F9-F6FB-4C67-8C27-2B21F92B645B}.AppStore|iPhoneSimulator.ActiveCfg = AppStore|iPhoneSimulator
		{23DB16F9-F6FB-4C67-8C27-2B21F92B645B}.AppStore|iPhoneSimulator.Build.0 = AppStore|iPhoneSimulator
		{23DB16F9-F6FB-4C67-8C27-2B21F92B645B}.AppStore|x64.ActiveCfg = AppStore|iPhone
		{23DB16F9-F6FB-4C67-8C27-2B21F92B645B}.AppStore|x86.ActiveCfg = AppStore|iPhone
		{23DB16F9-F6FB-4C67-8C27-2B21F92B645B}.Debug|Any CPU.ActiveCfg = Debug|iPhone
		{23DB16F9-F6FB-4C67-8C27-2B21F92B645B}.Debug|ARM.ActiveCfg = Debug|iPhone
		{23DB16F9-F6FB-4C67-8C27-2B21F92B645B}.Debug|iPhone.ActiveCfg = Debug|iPhone
		{23DB16F9-F6FB-4C67-8C27-2B21F92B645B}.Debug|iPhone.Build.0 = Debug|iPhone
		{23DB16F9-F6FB-4C67-8C27-2B21F92B645B}.Debug|iPhoneSimulator.ActiveCfg = Debug|iPhoneSimulator
		{23DB16F9-F6FB-4C67-8C27-2B21F92B645B}.Debug|iPhoneSimulator.Build.0 = Debug|iPhoneSimulator
		{23DB16F9-F6FB-4C67-8C27-2B21F92B645B}.Debug|x64.ActiveCfg = Debug|iPhone
		{23DB16F9-F6FB-4C67-8C27-2B21F92B645B}.Debug|x86.ActiveCfg = Debug|iPhone
		{23DB16F9-F6FB-4C67-8C27-2B21F92B645B}.Release|Any CPU.ActiveCfg = Release|iPhone
		{23DB16F9-F6FB-4C67-8C27-2B21F92B645B}.Release|ARM.ActiveCfg = Release|iPhone
		{23DB16F9-F6FB-4C67-8C27-2B21F92B645B}.Release|iPhone.ActiveCfg = Release|iPhone
		{23DB16F9-F6FB-4C67-8C27-2B21F92B645B}.Release|iPhone.Build.0 = Release|iPhone
		{23DB16F9-F6FB-4C67-8C27-2B21F92B645B}.Release|iPhoneSimulator.ActiveCfg = Release|iPhoneSimulator
		{23DB16F9-F6FB-4C67-8C27-2B21F92B645B}.Release|iPhoneSimulator.Build.0 = Release|iPhoneSimulator
		{23DB16F9-F6FB-4C67-8C27-2B21F92B645B}.Release|x64.ActiveCfg = Release|iPhone
		{23DB16F9-F6FB-4C67-8C27-2B21F92B645B}.Release|x86.ActiveCfg = Release|iPhone
		{523E530F-1F6F-4266-A9B1-7FD7910F1422}.Ad-Hoc|Any CPU.ActiveCfg = Release|Any CPU
		{523E530F-1F6F-4266-A9B1-7FD7910F1422}.Ad-Hoc|Any CPU.Build.0 = Release|Any CPU
		{523E530F-1F6F-4266-A9B1-7FD7910F1422}.Ad-Hoc|Any CPU.Deploy.0 = Release|Any CPU
		{523E530F-1F6F-4266-A9B1-7FD7910F1422}.Ad-Hoc|ARM.ActiveCfg = Release|ARM
		{523E530F-1F6F-4266-A9B1-7FD7910F1422}.Ad-Hoc|ARM.Build.0 = Release|ARM
		{523E530F-1F6F-4266-A9B1-7FD7910F1422}.Ad-Hoc|ARM.Deploy.0 = Release|ARM
		{523E530F-1F6F-4266-A9B1-7FD7910F1422}.Ad-Hoc|iPhone.ActiveCfg = Release|Any CPU
		{523E530F-1F6F-4266-A9B1-7FD7910F1422}.Ad-Hoc|iPhone.Build.0 = Release|Any CPU
		{523E530F-1F6F-4266-A9B1-7FD7910F1422}.Ad-Hoc|iPhone.Deploy.0 = Release|Any CPU
		{523E530F-1F6F-4266-A9B1-7FD7910F1422}.Ad-Hoc|iPhoneSimulator.ActiveCfg = Release|Any CPU
		{523E530F-1F6F-4266-A9B1-7FD7910F1422}.Ad-Hoc|iPhoneSimulator.Build.0 = Release|Any CPU
		{523E530F-1F6F-4266-A9B1-7FD7910F1422}.Ad-Hoc|iPhoneSimulator.Deploy.0 = Release|Any CPU
		{523E530F-1F6F-4266-A9B1-7FD7910F1422}.Ad-Hoc|x64.ActiveCfg = Release|Any CPU
		{523E530F-1F6F-4266-A9B1-7FD7910F1422}.Ad-Hoc|x64.Build.0 = Release|Any CPU
		{523E530F-1F6F-4266-A9B1-7FD7910F1422}.Ad-Hoc|x64.Deploy.0 = Release|Any CPU
		{523E530F-1F6F-4266-A9B1-7FD7910F1422}.Ad-Hoc|x86.ActiveCfg = Release|x86
		{523E530F-1F6F-4266-A9B1-7FD7910F1422}.Ad-Hoc|x86.Build.0 = Release|x86
		{523E530F-1F6F-4266-A9B1-7FD7910F1422}.Ad-Hoc|x86.Deploy.0 = Release|x86
		{523E530F-1F6F-4266-A9B1-7FD7910F1422}.AppStore|Any CPU.ActiveCfg = Release|Any CPU
		{523E530F-1F6F-4266-A9B1-7FD7910F1422}.AppStore|Any CPU.Build.0 = Release|Any CPU
		{523E530F-1F6F-4266-A9B1-7FD7910F1422}.AppStore|Any CPU.Deploy.0 = Release|Any CPU
		{523E530F-1F6F-4266-A9B1-7FD7910F1422}.AppStore|ARM.ActiveCfg = Release|ARM
		{523E530F-1F6F-4266-A9B1-7FD7910F1422}.AppStore|ARM.Build.0 = Release|ARM
		{523E530F-1F6F-4266-A9B1-7FD7910F1422}.AppStore|ARM.Deploy.0 = Release|ARM
		{523E530F-1F6F-4266-A9B1-7FD7910F1422}.AppStore|iPhone.ActiveCfg = Release|Any CPU
		{523E530F-1F6F-4266-A9B1-7FD7910F1422}.AppStore|iPhone.Build.0 = Release|Any CPU
		{523E530F-1F6F-4266-A9B1-7FD7910F1422}.AppStore|iPhone.Deploy.0 = Release|Any CPU
		{523E530F-1F6F-4266-A9B1-7FD7910F1422}.AppStore|iPhoneSimulator.ActiveCfg = Release|Any CPU
		{523E530F-1F6F-4266-A9B1-7FD7910F1422}.AppStore|iPhoneSimulator.Build.0 = Release|Any CPU
		{523E530F-1F6F-4266-A9B1-7FD7910F1422}.AppStore|iPhoneSimulator.Deploy.0 = Release|Any CPU
		{523E530F-1F6F-4266-A9B1-7FD7910F1422}.AppStore|x64.ActiveCfg = Release|Any CPU
		{523E530F-1F6F-4266-A9B1-7FD7910F1422}.AppStore|x64.Build.0 = Release|Any CPU
		{523E530F-1F6F-4266-A9B1-7FD7910F1422}.AppStore|x64.Deploy.0 = Release|Any CPU
		{523E530F-1F6F-4266-A9B1-7FD7910F1422}.AppStore|x86.ActiveCfg = Release|x86
		{523E530F-1F6F-4266-A9B1-7FD7910F1422}.AppStore|x86.Build.0 = Release|x86
		{523E530F-1F6F-4266-A9B1-7FD7910F1422}.AppStore|x86.Deploy.0 = Release|x86
		{523E530F-1F6F-4266-A9B1-7FD7910F1422}.Debug|Any CPU.ActiveCfg = Debug|Any CPU
		{523E530F-1F6F-4266-A9B1-7FD7910F1422}.Debug|Any CPU.Build.0 = Debug|Any CPU
		{523E530F-1F6F-4266-A9B1-7FD7910F1422}.Debug|Any CPU.Deploy.0 = Debug|Any CPU
		{523E530F-1F6F-4266-A9B1-7FD7910F1422}.Debug|ARM.ActiveCfg = Debug|ARM
		{523E530F-1F6F-4266-A9B1-7FD7910F1422}.Debug|ARM.Build.0 = Debug|ARM
		{523E530F-1F6F-4266-A9B1-7FD7910F1422}.Debug|ARM.Deploy.0 = Debug|ARM
		{523E530F-1F6F-4266-A9B1-7FD7910F1422}.Debug|iPhone.ActiveCfg = Debug|Any CPU
		{523E530F-1F6F-4266-A9B1-7FD7910F1422}.Debug|iPhone.Build.0 = Debug|Any CPU
		{523E530F-1F6F-4266-A9B1-7FD7910F1422}.Debug|iPhone.Deploy.0 = Debug|Any CPU
		{523E530F-1F6F-4266-A9B1-7FD7910F1422}.Debug|iPhoneSimulator.ActiveCfg = Debug|Any CPU
		{523E530F-1F6F-4266-A9B1-7FD7910F1422}.Debug|iPhoneSimulator.Build.0 = Debug|Any CPU
		{523E530F-1F6F-4266-A9B1-7FD7910F1422}.Debug|iPhoneSimulator.Deploy.0 = Debug|Any CPU
		{523E530F-1F6F-4266-A9B1-7FD7910F1422}.Debug|x64.ActiveCfg = Debug|Any CPU
		{523E530F-1F6F-4266-A9B1-7FD7910F1422}.Debug|x64.Build.0 = Debug|Any CPU
		{523E530F-1F6F-4266-A9B1-7FD7910F1422}.Debug|x64.Deploy.0 = Debug|Any CPU
		{523E530F-1F6F-4266-A9B1-7FD7910F1422}.Debug|x86.ActiveCfg = Debug|x86
		{523E530F-1F6F-4266-A9B1-7FD7910F1422}.Debug|x86.Build.0 = Debug|x86
		{523E530F-1F6F-4266-A9B1-7FD7910F1422}.Debug|x86.Deploy.0 = Debug|x86
		{523E530F-1F6F-4266-A9B1-7FD7910F1422}.Release|Any CPU.ActiveCfg = Release|Any CPU
		{523E530F-1F6F-4266-A9B1-7FD7910F1422}.Release|Any CPU.Build.0 = Release|Any CPU
		{523E530F-1F6F-4266-A9B1-7FD7910F1422}.Release|Any CPU.Deploy.0 = Release|Any CPU
		{523E530F-1F6F-4266-A9B1-7FD7910F1422}.Release|ARM.ActiveCfg = Release|ARM
		{523E530F-1F6F-4266-A9B1-7FD7910F1422}.Release|ARM.Build.0 = Release|ARM
		{523E530F-1F6F-4266-A9B1-7FD7910F1422}.Release|ARM.Deploy.0 = Release|ARM
		{523E530F-1F6F-4266-A9B1-7FD7910F1422}.Release|iPhone.ActiveCfg = Release|Any CPU
		{523E530F-1F6F-4266-A9B1-7FD7910F1422}.Release|iPhone.Build.0 = Release|Any CPU
		{523E530F-1F6F-4266-A9B1-7FD7910F1422}.Release|iPhone.Deploy.0 = Release|Any CPU
		{523E530F-1F6F-4266-A9B1-7FD7910F1422}.Release|iPhoneSimulator.ActiveCfg = Release|Any CPU
		{523E530F-1F6F-4266-A9B1-7FD7910F1422}.Release|iPhoneSimulator.Build.0 = Release|Any CPU
		{523E530F-1F6F-4266-A9B1-7FD7910F1422}.Release|iPhoneSimulator.Deploy.0 = Release|Any CPU
		{523E530F-1F6F-4266-A9B1-7FD7910F1422}.Release|x64.ActiveCfg = Release|Any CPU
		{523E530F-1F6F-4266-A9B1-7FD7910F1422}.Release|x64.Build.0 = Release|Any CPU
		{523E530F-1F6F-4266-A9B1-7FD7910F1422}.Release|x64.Deploy.0 = Release|Any CPU
		{523E530F-1F6F-4266-A9B1-7FD7910F1422}.Release|x86.ActiveCfg = Release|x86
		{523E530F-1F6F-4266-A9B1-7FD7910F1422}.Release|x86.Build.0 = Release|x86
		{523E530F-1F6F-4266-A9B1-7FD7910F1422}.Release|x86.Deploy.0 = Release|x86
		{E4314BE6-05B7-447A-9C27-AFCE2EAF94D8}.Ad-Hoc|Any CPU.ActiveCfg = Release|Any CPU
		{E4314BE6-05B7-447A-9C27-AFCE2EAF94D8}.Ad-Hoc|Any CPU.Build.0 = Release|Any CPU
		{E4314BE6-05B7-447A-9C27-AFCE2EAF94D8}.Ad-Hoc|Any CPU.Deploy.0 = Release|Any CPU
		{E4314BE6-05B7-447A-9C27-AFCE2EAF94D8}.Ad-Hoc|ARM.ActiveCfg = Release|ARM
		{E4314BE6-05B7-447A-9C27-AFCE2EAF94D8}.Ad-Hoc|ARM.Build.0 = Release|ARM
		{E4314BE6-05B7-447A-9C27-AFCE2EAF94D8}.Ad-Hoc|ARM.Deploy.0 = Release|ARM
		{E4314BE6-05B7-447A-9C27-AFCE2EAF94D8}.Ad-Hoc|iPhone.ActiveCfg = Release|Any CPU
		{E4314BE6-05B7-447A-9C27-AFCE2EAF94D8}.Ad-Hoc|iPhone.Build.0 = Release|Any CPU
		{E4314BE6-05B7-447A-9C27-AFCE2EAF94D8}.Ad-Hoc|iPhone.Deploy.0 = Release|Any CPU
		{E4314BE6-05B7-447A-9C27-AFCE2EAF94D8}.Ad-Hoc|iPhoneSimulator.ActiveCfg = Release|Any CPU
		{E4314BE6-05B7-447A-9C27-AFCE2EAF94D8}.Ad-Hoc|iPhoneSimulator.Build.0 = Release|Any CPU
		{E4314BE6-05B7-447A-9C27-AFCE2EAF94D8}.Ad-Hoc|iPhoneSimulator.Deploy.0 = Release|Any CPU
		{E4314BE6-05B7-447A-9C27-AFCE2EAF94D8}.Ad-Hoc|x64.ActiveCfg = Release|x64
		{E4314BE6-05B7-447A-9C27-AFCE2EAF94D8}.Ad-Hoc|x64.Build.0 = Release|x64
		{E4314BE6-05B7-447A-9C27-AFCE2EAF94D8}.Ad-Hoc|x64.Deploy.0 = Release|x64
		{E4314BE6-05B7-447A-9C27-AFCE2EAF94D8}.Ad-Hoc|x86.ActiveCfg = Release|x86
		{E4314BE6-05B7-447A-9C27-AFCE2EAF94D8}.Ad-Hoc|x86.Build.0 = Release|x86
		{E4314BE6-05B7-447A-9C27-AFCE2EAF94D8}.Ad-Hoc|x86.Deploy.0 = Release|x86
		{E4314BE6-05B7-447A-9C27-AFCE2EAF94D8}.AppStore|Any CPU.ActiveCfg = Release|Any CPU
		{E4314BE6-05B7-447A-9C27-AFCE2EAF94D8}.AppStore|Any CPU.Build.0 = Release|Any CPU
		{E4314BE6-05B7-447A-9C27-AFCE2EAF94D8}.AppStore|Any CPU.Deploy.0 = Release|Any CPU
		{E4314BE6-05B7-447A-9C27-AFCE2EAF94D8}.AppStore|ARM.ActiveCfg = Release|ARM
		{E4314BE6-05B7-447A-9C27-AFCE2EAF94D8}.AppStore|ARM.Build.0 = Release|ARM
		{E4314BE6-05B7-447A-9C27-AFCE2EAF94D8}.AppStore|ARM.Deploy.0 = Release|ARM
		{E4314BE6-05B7-447A-9C27-AFCE2EAF94D8}.AppStore|iPhone.ActiveCfg = Release|Any CPU
		{E4314BE6-05B7-447A-9C27-AFCE2EAF94D8}.AppStore|iPhone.Build.0 = Release|Any CPU
		{E4314BE6-05B7-447A-9C27-AFCE2EAF94D8}.AppStore|iPhone.Deploy.0 = Release|Any CPU
		{E4314BE6-05B7-447A-9C27-AFCE2EAF94D8}.AppStore|iPhoneSimulator.ActiveCfg = Release|Any CPU
		{E4314BE6-05B7-447A-9C27-AFCE2EAF94D8}.AppStore|iPhoneSimulator.Build.0 = Release|Any CPU
		{E4314BE6-05B7-447A-9C27-AFCE2EAF94D8}.AppStore|iPhoneSimulator.Deploy.0 = Release|Any CPU
		{E4314BE6-05B7-447A-9C27-AFCE2EAF94D8}.AppStore|x64.ActiveCfg = Release|x64
		{E4314BE6-05B7-447A-9C27-AFCE2EAF94D8}.AppStore|x64.Build.0 = Release|x64
		{E4314BE6-05B7-447A-9C27-AFCE2EAF94D8}.AppStore|x64.Deploy.0 = Release|x64
		{E4314BE6-05B7-447A-9C27-AFCE2EAF94D8}.AppStore|x86.ActiveCfg = Release|x86
		{E4314BE6-05B7-447A-9C27-AFCE2EAF94D8}.AppStore|x86.Build.0 = Release|x86
		{E4314BE6-05B7-447A-9C27-AFCE2EAF94D8}.AppStore|x86.Deploy.0 = Release|x86
		{E4314BE6-05B7-447A-9C27-AFCE2EAF94D8}.Debug|Any CPU.ActiveCfg = Debug|Any CPU
		{E4314BE6-05B7-447A-9C27-AFCE2EAF94D8}.Debug|Any CPU.Build.0 = Debug|Any CPU
		{E4314BE6-05B7-447A-9C27-AFCE2EAF94D8}.Debug|Any CPU.Deploy.0 = Debug|Any CPU
		{E4314BE6-05B7-447A-9C27-AFCE2EAF94D8}.Debug|ARM.ActiveCfg = Debug|ARM
		{E4314BE6-05B7-447A-9C27-AFCE2EAF94D8}.Debug|ARM.Build.0 = Debug|ARM
		{E4314BE6-05B7-447A-9C27-AFCE2EAF94D8}.Debug|ARM.Deploy.0 = Debug|ARM
		{E4314BE6-05B7-447A-9C27-AFCE2EAF94D8}.Debug|iPhone.ActiveCfg = Debug|Any CPU
		{E4314BE6-05B7-447A-9C27-AFCE2EAF94D8}.Debug|iPhone.Build.0 = Debug|Any CPU
		{E4314BE6-05B7-447A-9C27-AFCE2EAF94D8}.Debug|iPhone.Deploy.0 = Debug|Any CPU
		{E4314BE6-05B7-447A-9C27-AFCE2EAF94D8}.Debug|iPhoneSimulator.ActiveCfg = Debug|Any CPU
		{E4314BE6-05B7-447A-9C27-AFCE2EAF94D8}.Debug|iPhoneSimulator.Build.0 = Debug|Any CPU
		{E4314BE6-05B7-447A-9C27-AFCE2EAF94D8}.Debug|iPhoneSimulator.Deploy.0 = Debug|Any CPU
		{E4314BE6-05B7-447A-9C27-AFCE2EAF94D8}.Debug|x64.ActiveCfg = Debug|x64
		{E4314BE6-05B7-447A-9C27-AFCE2EAF94D8}.Debug|x64.Build.0 = Debug|x64
		{E4314BE6-05B7-447A-9C27-AFCE2EAF94D8}.Debug|x64.Deploy.0 = Debug|x64
		{E4314BE6-05B7-447A-9C27-AFCE2EAF94D8}.Debug|x86.ActiveCfg = Debug|x86
		{E4314BE6-05B7-447A-9C27-AFCE2EAF94D8}.Debug|x86.Build.0 = Debug|x86
		{E4314BE6-05B7-447A-9C27-AFCE2EAF94D8}.Debug|x86.Deploy.0 = Debug|x86
		{E4314BE6-05B7-447A-9C27-AFCE2EAF94D8}.Release|Any CPU.ActiveCfg = Release|Any CPU
		{E4314BE6-05B7-447A-9C27-AFCE2EAF94D8}.Release|Any CPU.Build.0 = Release|Any CPU
		{E4314BE6-05B7-447A-9C27-AFCE2EAF94D8}.Release|Any CPU.Deploy.0 = Release|Any CPU
		{E4314BE6-05B7-447A-9C27-AFCE2EAF94D8}.Release|ARM.ActiveCfg = Release|ARM
		{E4314BE6-05B7-447A-9C27-AFCE2EAF94D8}.Release|ARM.Build.0 = Release|ARM
		{E4314BE6-05B7-447A-9C27-AFCE2EAF94D8}.Release|ARM.Deploy.0 = Release|ARM
		{E4314BE6-05B7-447A-9C27-AFCE2EAF94D8}.Release|iPhone.ActiveCfg = Release|Any CPU
		{E4314BE6-05B7-447A-9C27-AFCE2EAF94D8}.Release|iPhone.Build.0 = Release|Any CPU
		{E4314BE6-05B7-447A-9C27-AFCE2EAF94D8}.Release|iPhone.Deploy.0 = Release|Any CPU
		{E4314BE6-05B7-447A-9C27-AFCE2EAF94D8}.Release|iPhoneSimulator.ActiveCfg = Release|Any CPU
		{E4314BE6-05B7-447A-9C27-AFCE2EAF94D8}.Release|iPhoneSimulator.Build.0 = Release|Any CPU
		{E4314BE6-05B7-447A-9C27-AFCE2EAF94D8}.Release|iPhoneSimulator.Deploy.0 = Release|Any CPU
		{E4314BE6-05B7-447A-9C27-AFCE2EAF94D8}.Release|x64.ActiveCfg = Release|x64
		{E4314BE6-05B7-447A-9C27-AFCE2EAF94D8}.Release|x64.Build.0 = Release|x64
		{E4314BE6-05B7-447A-9C27-AFCE2EAF94D8}.Release|x64.Deploy.0 = Release|x64
		{E4314BE6-05B7-447A-9C27-AFCE2EAF94D8}.Release|x86.ActiveCfg = Release|x86
		{E4314BE6-05B7-447A-9C27-AFCE2EAF94D8}.Release|x86.Build.0 = Release|x86
		{E4314BE6-05B7-447A-9C27-AFCE2EAF94D8}.Release|x86.Deploy.0 = Release|x86
		{BF582EF5-842A-4FE6-81A8-08484AFA148C}.Ad-Hoc|Any CPU.ActiveCfg = Release|Any CPU
		{BF582EF5-842A-4FE6-81A8-08484AFA148C}.Ad-Hoc|Any CPU.Build.0 = Release|Any CPU
		{BF582EF5-842A-4FE6-81A8-08484AFA148C}.Ad-Hoc|ARM.ActiveCfg = Release|Any CPU
		{BF582EF5-842A-4FE6-81A8-08484AFA148C}.Ad-Hoc|ARM.Build.0 = Release|Any CPU
		{BF582EF5-842A-4FE6-81A8-08484AFA148C}.Ad-Hoc|iPhone.ActiveCfg = Release|Any CPU
		{BF582EF5-842A-4FE6-81A8-08484AFA148C}.Ad-Hoc|iPhone.Build.0 = Release|Any CPU
		{BF582EF5-842A-4FE6-81A8-08484AFA148C}.Ad-Hoc|iPhoneSimulator.ActiveCfg = Release|Any CPU
		{BF582EF5-842A-4FE6-81A8-08484AFA148C}.Ad-Hoc|iPhoneSimulator.Build.0 = Release|Any CPU
		{BF582EF5-842A-4FE6-81A8-08484AFA148C}.Ad-Hoc|x64.ActiveCfg = Release|Any CPU
		{BF582EF5-842A-4FE6-81A8-08484AFA148C}.Ad-Hoc|x64.Build.0 = Release|Any CPU
		{BF582EF5-842A-4FE6-81A8-08484AFA148C}.Ad-Hoc|x86.ActiveCfg = Release|Any CPU
		{BF582EF5-842A-4FE6-81A8-08484AFA148C}.Ad-Hoc|x86.Build.0 = Release|Any CPU
		{BF582EF5-842A-4FE6-81A8-08484AFA148C}.AppStore|Any CPU.ActiveCfg = Release|Any CPU
		{BF582EF5-842A-4FE6-81A8-08484AFA148C}.AppStore|Any CPU.Build.0 = Release|Any CPU
		{BF582EF5-842A-4FE6-81A8-08484AFA148C}.AppStore|ARM.ActiveCfg = Release|Any CPU
		{BF582EF5-842A-4FE6-81A8-08484AFA148C}.AppStore|ARM.Build.0 = Release|Any CPU
		{BF582EF5-842A-4FE6-81A8-08484AFA148C}.AppStore|iPhone.ActiveCfg = Release|Any CPU
		{BF582EF5-842A-4FE6-81A8-08484AFA148C}.AppStore|iPhone.Build.0 = Release|Any CPU
		{BF582EF5-842A-4FE6-81A8-08484AFA148C}.AppStore|iPhoneSimulator.ActiveCfg = Release|Any CPU
		{BF582EF5-842A-4FE6-81A8-08484AFA148C}.AppStore|iPhoneSimulator.Build.0 = Release|Any CPU
		{BF582EF5-842A-4FE6-81A8-08484AFA148C}.AppStore|x64.ActiveCfg = Release|Any CPU
		{BF582EF5-842A-4FE6-81A8-08484AFA148C}.AppStore|x64.Build.0 = Release|Any CPU
		{BF582EF5-842A-4FE6-81A8-08484AFA148C}.AppStore|x86.ActiveCfg = Release|Any CPU
		{BF582EF5-842A-4FE6-81A8-08484AFA148C}.AppStore|x86.Build.0 = Release|Any CPU
		{BF582EF5-842A-4FE6-81A8-08484AFA148C}.Debug|Any CPU.ActiveCfg = Debug|Any CPU
		{BF582EF5-842A-4FE6-81A8-08484AFA148C}.Debug|Any CPU.Build.0 = Debug|Any CPU
		{BF582EF5-842A-4FE6-81A8-08484AFA148C}.Debug|ARM.ActiveCfg = Debug|Any CPU
		{BF582EF5-842A-4FE6-81A8-08484AFA148C}.Debug|ARM.Build.0 = Debug|Any CPU
		{BF582EF5-842A-4FE6-81A8-08484AFA148C}.Debug|iPhone.ActiveCfg = Debug|Any CPU
		{BF582EF5-842A-4FE6-81A8-08484AFA148C}.Debug|iPhone.Build.0 = Debug|Any CPU
		{BF582EF5-842A-4FE6-81A8-08484AFA148C}.Debug|iPhoneSimulator.ActiveCfg = Debug|Any CPU
		{BF582EF5-842A-4FE6-81A8-08484AFA148C}.Debug|iPhoneSimulator.Build.0 = Debug|Any CPU
		{BF582EF5-842A-4FE6-81A8-08484AFA148C}.Debug|x64.ActiveCfg = Debug|Any CPU
		{BF582EF5-842A-4FE6-81A8-08484AFA148C}.Debug|x64.Build.0 = Debug|Any CPU
		{BF582EF5-842A-4FE6-81A8-08484AFA148C}.Debug|x86.ActiveCfg = Debug|Any CPU
		{BF582EF5-842A-4FE6-81A8-08484AFA148C}.Debug|x86.Build.0 = Debug|Any CPU
		{BF582EF5-842A-4FE6-81A8-08484AFA148C}.Release|Any CPU.ActiveCfg = Release|Any CPU
		{BF582EF5-842A-4FE6-81A8-08484AFA148C}.Release|Any CPU.Build.0 = Release|Any CPU
		{BF582EF5-842A-4FE6-81A8-08484AFA148C}.Release|ARM.ActiveCfg = Release|Any CPU
		{BF582EF5-842A-4FE6-81A8-08484AFA148C}.Release|ARM.Build.0 = Release|Any CPU
		{BF582EF5-842A-4FE6-81A8-08484AFA148C}.Release|iPhone.ActiveCfg = Release|Any CPU
		{BF582EF5-842A-4FE6-81A8-08484AFA148C}.Release|iPhone.Build.0 = Release|Any CPU
		{BF582EF5-842A-4FE6-81A8-08484AFA148C}.Release|iPhoneSimulator.ActiveCfg = Release|Any CPU
		{BF582EF5-842A-4FE6-81A8-08484AFA148C}.Release|iPhoneSimulator.Build.0 = Release|Any CPU
		{BF582EF5-842A-4FE6-81A8-08484AFA148C}.Release|x64.ActiveCfg = Release|Any CPU
		{BF582EF5-842A-4FE6-81A8-08484AFA148C}.Release|x64.Build.0 = Release|Any CPU
		{BF582EF5-842A-4FE6-81A8-08484AFA148C}.Release|x86.ActiveCfg = Release|Any CPU
		{BF582EF5-842A-4FE6-81A8-08484AFA148C}.Release|x86.Build.0 = Release|Any CPU
		{7455F0F8-2A8F-4422-B63F-E518A7EEC3F5}.Ad-Hoc|Any CPU.ActiveCfg = Release|Any CPU
		{7455F0F8-2A8F-4422-B63F-E518A7EEC3F5}.Ad-Hoc|Any CPU.Build.0 = Release|Any CPU
		{7455F0F8-2A8F-4422-B63F-E518A7EEC3F5}.Ad-Hoc|ARM.ActiveCfg = Release|Any CPU
		{7455F0F8-2A8F-4422-B63F-E518A7EEC3F5}.Ad-Hoc|ARM.Build.0 = Release|Any CPU
		{7455F0F8-2A8F-4422-B63F-E518A7EEC3F5}.Ad-Hoc|iPhone.ActiveCfg = Release|Any CPU
		{7455F0F8-2A8F-4422-B63F-E518A7EEC3F5}.Ad-Hoc|iPhone.Build.0 = Release|Any CPU
		{7455F0F8-2A8F-4422-B63F-E518A7EEC3F5}.Ad-Hoc|iPhoneSimulator.ActiveCfg = Release|Any CPU
		{7455F0F8-2A8F-4422-B63F-E518A7EEC3F5}.Ad-Hoc|iPhoneSimulator.Build.0 = Release|Any CPU
		{7455F0F8-2A8F-4422-B63F-E518A7EEC3F5}.Ad-Hoc|x64.ActiveCfg = Release|Any CPU
		{7455F0F8-2A8F-4422-B63F-E518A7EEC3F5}.Ad-Hoc|x64.Build.0 = Release|Any CPU
		{7455F0F8-2A8F-4422-B63F-E518A7EEC3F5}.Ad-Hoc|x86.ActiveCfg = Release|Any CPU
		{7455F0F8-2A8F-4422-B63F-E518A7EEC3F5}.Ad-Hoc|x86.Build.0 = Release|Any CPU
		{7455F0F8-2A8F-4422-B63F-E518A7EEC3F5}.AppStore|Any CPU.ActiveCfg = Release|Any CPU
		{7455F0F8-2A8F-4422-B63F-E518A7EEC3F5}.AppStore|Any CPU.Build.0 = Release|Any CPU
		{7455F0F8-2A8F-4422-B63F-E518A7EEC3F5}.AppStore|ARM.ActiveCfg = Release|Any CPU
		{7455F0F8-2A8F-4422-B63F-E518A7EEC3F5}.AppStore|ARM.Build.0 = Release|Any CPU
		{7455F0F8-2A8F-4422-B63F-E518A7EEC3F5}.AppStore|iPhone.ActiveCfg = Release|Any CPU
		{7455F0F8-2A8F-4422-B63F-E518A7EEC3F5}.AppStore|iPhone.Build.0 = Release|Any CPU
		{7455F0F8-2A8F-4422-B63F-E518A7EEC3F5}.AppStore|iPhoneSimulator.ActiveCfg = Release|Any CPU
		{7455F0F8-2A8F-4422-B63F-E518A7EEC3F5}.AppStore|iPhoneSimulator.Build.0 = Release|Any CPU
		{7455F0F8-2A8F-4422-B63F-E518A7EEC3F5}.AppStore|x64.ActiveCfg = Release|Any CPU
		{7455F0F8-2A8F-4422-B63F-E518A7EEC3F5}.AppStore|x64.Build.0 = Release|Any CPU
		{7455F0F8-2A8F-4422-B63F-E518A7EEC3F5}.AppStore|x86.ActiveCfg = Release|Any CPU
		{7455F0F8-2A8F-4422-B63F-E518A7EEC3F5}.AppStore|x86.Build.0 = Release|Any CPU
		{7455F0F8-2A8F-4422-B63F-E518A7EEC3F5}.Debug|Any CPU.ActiveCfg = Debug|Any CPU
		{7455F0F8-2A8F-4422-B63F-E518A7EEC3F5}.Debug|Any CPU.Build.0 = Debug|Any CPU
		{7455F0F8-2A8F-4422-B63F-E518A7EEC3F5}.Debug|ARM.ActiveCfg = Debug|Any CPU
		{7455F0F8-2A8F-4422-B63F-E518A7EEC3F5}.Debug|ARM.Build.0 = Debug|Any CPU
		{7455F0F8-2A8F-4422-B63F-E518A7EEC3F5}.Debug|iPhone.ActiveCfg = Debug|Any CPU
		{7455F0F8-2A8F-4422-B63F-E518A7EEC3F5}.Debug|iPhone.Build.0 = Debug|Any CPU
		{7455F0F8-2A8F-4422-B63F-E518A7EEC3F5}.Debug|iPhoneSimulator.ActiveCfg = Debug|Any CPU
		{7455F0F8-2A8F-4422-B63F-E518A7EEC3F5}.Debug|iPhoneSimulator.Build.0 = Debug|Any CPU
		{7455F0F8-2A8F-4422-B63F-E518A7EEC3F5}.Debug|x64.ActiveCfg = Debug|Any CPU
		{7455F0F8-2A8F-4422-B63F-E518A7EEC3F5}.Debug|x64.Build.0 = Debug|Any CPU
		{7455F0F8-2A8F-4422-B63F-E518A7EEC3F5}.Debug|x86.ActiveCfg = Debug|Any CPU
		{7455F0F8-2A8F-4422-B63F-E518A7EEC3F5}.Debug|x86.Build.0 = Debug|Any CPU
		{7455F0F8-2A8F-4422-B63F-E518A7EEC3F5}.Release|Any CPU.ActiveCfg = Release|Any CPU
		{7455F0F8-2A8F-4422-B63F-E518A7EEC3F5}.Release|Any CPU.Build.0 = Release|Any CPU
		{7455F0F8-2A8F-4422-B63F-E518A7EEC3F5}.Release|ARM.ActiveCfg = Release|Any CPU
		{7455F0F8-2A8F-4422-B63F-E518A7EEC3F5}.Release|ARM.Build.0 = Release|Any CPU
		{7455F0F8-2A8F-4422-B63F-E518A7EEC3F5}.Release|iPhone.ActiveCfg = Release|Any CPU
		{7455F0F8-2A8F-4422-B63F-E518A7EEC3F5}.Release|iPhone.Build.0 = Release|Any CPU
		{7455F0F8-2A8F-4422-B63F-E518A7EEC3F5}.Release|iPhoneSimulator.ActiveCfg = Release|Any CPU
		{7455F0F8-2A8F-4422-B63F-E518A7EEC3F5}.Release|iPhoneSimulator.Build.0 = Release|Any CPU
		{7455F0F8-2A8F-4422-B63F-E518A7EEC3F5}.Release|x64.ActiveCfg = Release|Any CPU
		{7455F0F8-2A8F-4422-B63F-E518A7EEC3F5}.Release|x64.Build.0 = Release|Any CPU
		{7455F0F8-2A8F-4422-B63F-E518A7EEC3F5}.Release|x86.ActiveCfg = Release|Any CPU
		{7455F0F8-2A8F-4422-B63F-E518A7EEC3F5}.Release|x86.Build.0 = Release|Any CPU
		{67F9D3A8-F71E-4428-913F-C37AE82CDB24}.Ad-Hoc|Any CPU.ActiveCfg = Release|Any CPU
		{67F9D3A8-F71E-4428-913F-C37AE82CDB24}.Ad-Hoc|Any CPU.Build.0 = Release|Any CPU
		{67F9D3A8-F71E-4428-913F-C37AE82CDB24}.Ad-Hoc|ARM.ActiveCfg = Release|Any CPU
		{67F9D3A8-F71E-4428-913F-C37AE82CDB24}.Ad-Hoc|ARM.Build.0 = Release|Any CPU
		{67F9D3A8-F71E-4428-913F-C37AE82CDB24}.Ad-Hoc|iPhone.ActiveCfg = Release|Any CPU
		{67F9D3A8-F71E-4428-913F-C37AE82CDB24}.Ad-Hoc|iPhone.Build.0 = Release|Any CPU
		{67F9D3A8-F71E-4428-913F-C37AE82CDB24}.Ad-Hoc|iPhoneSimulator.ActiveCfg = Release|Any CPU
		{67F9D3A8-F71E-4428-913F-C37AE82CDB24}.Ad-Hoc|iPhoneSimulator.Build.0 = Release|Any CPU
		{67F9D3A8-F71E-4428-913F-C37AE82CDB24}.Ad-Hoc|x64.ActiveCfg = Release|Any CPU
		{67F9D3A8-F71E-4428-913F-C37AE82CDB24}.Ad-Hoc|x64.Build.0 = Release|Any CPU
		{67F9D3A8-F71E-4428-913F-C37AE82CDB24}.Ad-Hoc|x86.ActiveCfg = Release|Any CPU
		{67F9D3A8-F71E-4428-913F-C37AE82CDB24}.Ad-Hoc|x86.Build.0 = Release|Any CPU
		{67F9D3A8-F71E-4428-913F-C37AE82CDB24}.AppStore|Any CPU.ActiveCfg = Release|Any CPU
		{67F9D3A8-F71E-4428-913F-C37AE82CDB24}.AppStore|Any CPU.Build.0 = Release|Any CPU
		{67F9D3A8-F71E-4428-913F-C37AE82CDB24}.AppStore|ARM.ActiveCfg = Release|Any CPU
		{67F9D3A8-F71E-4428-913F-C37AE82CDB24}.AppStore|ARM.Build.0 = Release|Any CPU
		{67F9D3A8-F71E-4428-913F-C37AE82CDB24}.AppStore|iPhone.ActiveCfg = Release|Any CPU
		{67F9D3A8-F71E-4428-913F-C37AE82CDB24}.AppStore|iPhone.Build.0 = Release|Any CPU
		{67F9D3A8-F71E-4428-913F-C37AE82CDB24}.AppStore|iPhoneSimulator.ActiveCfg = Release|Any CPU
		{67F9D3A8-F71E-4428-913F-C37AE82CDB24}.AppStore|iPhoneSimulator.Build.0 = Release|Any CPU
		{67F9D3A8-F71E-4428-913F-C37AE82CDB24}.AppStore|x64.ActiveCfg = Release|Any CPU
		{67F9D3A8-F71E-4428-913F-C37AE82CDB24}.AppStore|x64.Build.0 = Release|Any CPU
		{67F9D3A8-F71E-4428-913F-C37AE82CDB24}.AppStore|x86.ActiveCfg = Release|Any CPU
		{67F9D3A8-F71E-4428-913F-C37AE82CDB24}.AppStore|x86.Build.0 = Release|Any CPU
		{67F9D3A8-F71E-4428-913F-C37AE82CDB24}.Debug|Any CPU.ActiveCfg = Debug|Any CPU
		{67F9D3A8-F71E-4428-913F-C37AE82CDB24}.Debug|Any CPU.Build.0 = Debug|Any CPU
		{67F9D3A8-F71E-4428-913F-C37AE82CDB24}.Debug|ARM.ActiveCfg = Debug|Any CPU
		{67F9D3A8-F71E-4428-913F-C37AE82CDB24}.Debug|ARM.Build.0 = Debug|Any CPU
		{67F9D3A8-F71E-4428-913F-C37AE82CDB24}.Debug|iPhone.ActiveCfg = Debug|Any CPU
		{67F9D3A8-F71E-4428-913F-C37AE82CDB24}.Debug|iPhone.Build.0 = Debug|Any CPU
		{67F9D3A8-F71E-4428-913F-C37AE82CDB24}.Debug|iPhoneSimulator.ActiveCfg = Debug|Any CPU
		{67F9D3A8-F71E-4428-913F-C37AE82CDB24}.Debug|iPhoneSimulator.Build.0 = Debug|Any CPU
		{67F9D3A8-F71E-4428-913F-C37AE82CDB24}.Debug|x64.ActiveCfg = Debug|Any CPU
		{67F9D3A8-F71E-4428-913F-C37AE82CDB24}.Debug|x64.Build.0 = Debug|Any CPU
		{67F9D3A8-F71E-4428-913F-C37AE82CDB24}.Debug|x86.ActiveCfg = Debug|Any CPU
		{67F9D3A8-F71E-4428-913F-C37AE82CDB24}.Debug|x86.Build.0 = Debug|Any CPU
		{67F9D3A8-F71E-4428-913F-C37AE82CDB24}.Release|Any CPU.ActiveCfg = Release|Any CPU
		{67F9D3A8-F71E-4428-913F-C37AE82CDB24}.Release|Any CPU.Build.0 = Release|Any CPU
		{67F9D3A8-F71E-4428-913F-C37AE82CDB24}.Release|ARM.ActiveCfg = Release|Any CPU
		{67F9D3A8-F71E-4428-913F-C37AE82CDB24}.Release|ARM.Build.0 = Release|Any CPU
		{67F9D3A8-F71E-4428-913F-C37AE82CDB24}.Release|iPhone.ActiveCfg = Release|Any CPU
		{67F9D3A8-F71E-4428-913F-C37AE82CDB24}.Release|iPhone.Build.0 = Release|Any CPU
		{67F9D3A8-F71E-4428-913F-C37AE82CDB24}.Release|iPhoneSimulator.ActiveCfg = Release|Any CPU
		{67F9D3A8-F71E-4428-913F-C37AE82CDB24}.Release|iPhoneSimulator.Build.0 = Release|Any CPU
		{67F9D3A8-F71E-4428-913F-C37AE82CDB24}.Release|x64.ActiveCfg = Release|Any CPU
		{67F9D3A8-F71E-4428-913F-C37AE82CDB24}.Release|x64.Build.0 = Release|Any CPU
		{67F9D3A8-F71E-4428-913F-C37AE82CDB24}.Release|x86.ActiveCfg = Release|Any CPU
		{67F9D3A8-F71E-4428-913F-C37AE82CDB24}.Release|x86.Build.0 = Release|Any CPU
	EndGlobalSection
	GlobalSection(SolutionProperties) = preSolution
		HideSolutionNode = FALSE
	EndGlobalSection
EndGlobal
